// !$*UTF8*$!
{
	archiveVersion = 1;
	classes = {
	};
	objectVersion = 55;
	objects = {

/* Begin PBXBuildFile section */
		579ACF1D27ABA5970065D35A /* AppDelegate.swift in Sources */ = {isa = PBXBuildFile; fileRef = 579ACF1C27ABA5970065D35A /* AppDelegate.swift */; };
		579ACF1F27ABA5970065D35A /* SceneDelegate.swift in Sources */ = {isa = PBXBuildFile; fileRef = 579ACF1E27ABA5970065D35A /* SceneDelegate.swift */; };
		579ACF2127ABA5970065D35A /* ViewController.swift in Sources */ = {isa = PBXBuildFile; fileRef = 579ACF2027ABA5970065D35A /* ViewController.swift */; };
		579ACF2427ABA5970065D35A /* Main.storyboard in Resources */ = {isa = PBXBuildFile; fileRef = 579ACF2227ABA5970065D35A /* Main.storyboard */; };
		579ACF2627ABA5990065D35A /* Assets.xcassets in Resources */ = {isa = PBXBuildFile; fileRef = 579ACF2527ABA5990065D35A /* Assets.xcassets */; };
		579ACF2927ABA5990065D35A /* LaunchScreen.storyboard in Resources */ = {isa = PBXBuildFile; fileRef = 579ACF2727ABA5990065D35A /* LaunchScreen.storyboard */; };
		57B5F03627ABBA080078128B /* Note.swift in Sources */ = {isa = PBXBuildFile; fileRef = 57B5F03527ABBA080078128B /* Note.swift */; };
		57C0F22827B24E73002DBE25 /* DetailViewController.swift in Sources */ = {isa = PBXBuildFile; fileRef = 57C0F22727B24E73002DBE25 /* DetailViewController.swift */; };
		57C0F22A27B4DCD0002DBE25 /* ResponseData.swift in Sources */ = {isa = PBXBuildFile; fileRef = 57C0F22927B4DCD0002DBE25 /* ResponseData.swift */; };
		57C0F22C27B4E561002DBE25 /* Notes.json in Resources */ = {isa = PBXBuildFile; fileRef = 57C0F22B27B4E561002DBE25 /* Notes.json */; };
/* End PBXBuildFile section */

/* Begin PBXFileReference section */
		579ACF1927ABA5970065D35A /* Milestone Project 19-21.app */ = {isa = PBXFileReference; explicitFileType = wrapper.application; includeInIndex = 0; path = "Milestone Project 19-21.app"; sourceTree = BUILT_PRODUCTS_DIR; };
		579ACF1C27ABA5970065D35A /* AppDelegate.swift */ = {isa = PBXFileReference; lastKnownFileType = sourcecode.swift; path = AppDelegate.swift; sourceTree = "<group>"; };
		579ACF1E27ABA5970065D35A /* SceneDelegate.swift */ = {isa = PBXFileReference; lastKnownFileType = sourcecode.swift; path = SceneDelegate.swift; sourceTree = "<group>"; };
		579ACF2027ABA5970065D35A /* ViewController.swift */ = {isa = PBXFileReference; lastKnownFileType = sourcecode.swift; path = ViewController.swift; sourceTree = "<group>"; };
		579ACF2327ABA5970065D35A /* Base */ = {isa = PBXFileReference; lastKnownFileType = file.storyboard; name = Base; path = Base.lproj/Main.storyboard; sourceTree = "<group>"; };
		579ACF2527ABA5990065D35A /* Assets.xcassets */ = {isa = PBXFileReference; lastKnownFileType = folder.assetcatalog; path = Assets.xcassets; sourceTree = "<group>"; };
		579ACF2827ABA5990065D35A /* Base */ = {isa = PBXFileReference; lastKnownFileType = file.storyboard; name = Base; path = Base.lproj/LaunchScreen.storyboard; sourceTree = "<group>"; };
		579ACF2A27ABA5990065D35A /* Info.plist */ = {isa = PBXFileReference; lastKnownFileType = text.plist.xml; path = Info.plist; sourceTree = "<group>"; };
		57B5F03527ABBA080078128B /* Note.swift */ = {isa = PBXFileReference; lastKnownFileType = sourcecode.swift; path = Note.swift; sourceTree = "<group>"; };
		57C0F22727B24E73002DBE25 /* DetailViewController.swift */ = {isa = PBXFileReference; lastKnownFileType = sourcecode.swift; path = DetailViewController.swift; sourceTree = "<group>"; };
		57C0F22927B4DCD0002DBE25 /* ResponseData.swift */ = {isa = PBXFileReference; lastKnownFileType = sourcecode.swift; path = ResponseData.swift; sourceTree = "<group>"; };
		57C0F22B27B4E561002DBE25 /* Notes.json */ = {isa = PBXFileReference; lastKnownFileType = text.json; path = Notes.json; sourceTree = "<group>"; };
/* End PBXFileReference section */

/* Begin PBXFrameworksBuildPhase section */
		579ACF1627ABA5970065D35A /* Frameworks */ = {
			isa = PBXFrameworksBuildPhase;
			buildActionMask = 2147483647;
			files = (
			);
			runOnlyForDeploymentPostprocessing = 0;
		};
/* End PBXFrameworksBuildPhase section */

/* Begin PBXGroup section */
		579ACF1027ABA5970065D35A = {
			isa = PBXGroup;
			children = (
				57C0F22B27B4E561002DBE25 /* Notes.json */,
				579ACF1B27ABA5970065D35A /* Milestone Project 19-21 */,
				579ACF1A27ABA5970065D35A /* Products */,
			);
			sourceTree = "<group>";
		};
		579ACF1A27ABA5970065D35A /* Products */ = {
			isa = PBXGroup;
			children = (
				579ACF1927ABA5970065D35A /* Milestone Project 19-21.app */,
			);
			name = Products;
			sourceTree = "<group>";
		};
		579ACF1B27ABA5970065D35A /* Milestone Project 19-21 */ = {
			isa = PBXGroup;
			children = (
				579ACF1C27ABA5970065D35A /* AppDelegate.swift */,
				579ACF1E27ABA5970065D35A /* SceneDelegate.swift */,
				579ACF2027ABA5970065D35A /* ViewController.swift */,
				57B5F03527ABBA080078128B /* Note.swift */,
				57C0F22927B4DCD0002DBE25 /* ResponseData.swift */,
				57C0F22727B24E73002DBE25 /* DetailViewController.swift */,
				579ACF2227ABA5970065D35A /* Main.storyboard */,
				579ACF2527ABA5990065D35A /* Assets.xcassets */,
				579ACF2727ABA5990065D35A /* LaunchScreen.storyboard */,
				579ACF2A27ABA5990065D35A /* Info.plist */,
			);
			path = "Milestone Project 19-21";
			sourceTree = "<group>";
		};
/* End PBXGroup section */

/* Begin PBXNativeTarget section */
		579ACF1827ABA5970065D35A /* Milestone Project 19-21 */ = {
			isa = PBXNativeTarget;
			buildConfigurationList = 579ACF2D27ABA5990065D35A /* Build configuration list for PBXNativeTarget "Milestone Project 19-21" */;
			buildPhases = (
				579ACF1527ABA5970065D35A /* Sources */,
				579ACF1627ABA5970065D35A /* Frameworks */,
				579ACF1727ABA5970065D35A /* Resources */,
			);
			buildRules = (
			);
			dependencies = (
			);
			name = "Milestone Project 19-21";
			productName = "Milestone Project 19-21";
			productReference = 579ACF1927ABA5970065D35A /* Milestone Project 19-21.app */;
			productType = "com.apple.product-type.application";
		};
/* End PBXNativeTarget section */

/* Begin PBXProject section */
		579ACF1127ABA5970065D35A /* Project object */ = {
			isa = PBXProject;
			attributes = {
				BuildIndependentTargetsInParallel = 1;
				LastSwiftUpdateCheck = 1320;
				LastUpgradeCheck = 1320;
				TargetAttributes = {
					579ACF1827ABA5970065D35A = {
						CreatedOnToolsVersion = 13.2.1;
					};
				};
			};
			buildConfigurationList = 579ACF1427ABA5970065D35A /* Build configuration list for PBXProject "Milestone Project 19-21" */;
			compatibilityVersion = "Xcode 13.0";
			developmentRegion = en;
			hasScannedForEncodings = 0;
			knownRegions = (
				en,
				Base,
			);
			mainGroup = 579ACF1027ABA5970065D35A;
			productRefGroup = 579ACF1A27ABA5970065D35A /* Products */;
			projectDirPath = "";
			projectRoot = "";
			targets = (
				579ACF1827ABA5970065D35A /* Milestone Project 19-21 */,
			);
		};
/* End PBXProject section */

/* Begin PBXResourcesBuildPhase section */
		579ACF1727ABA5970065D35A /* Resources */ = {
			isa = PBXResourcesBuildPhase;
			buildActionMask = 2147483647;
			files = (
				579ACF2927ABA5990065D35A /* LaunchScreen.storyboard in Resources */,
				579ACF2627ABA5990065D35A /* Assets.xcassets in Resources */,
				579ACF2427ABA5970065D35A /* Main.storyboard in Resources */,
				57C0F22C27B4E561002DBE25 /* Notes.json in Resources */,
			);
			runOnlyForDeploymentPostprocessing = 0;
		};
/* End PBXResourcesBuildPhase section */

/* Begin PBXSourcesBuildPhase section */
		579ACF1527ABA5970065D35A /* Sources */ = {
			isa = PBXSourcesBuildPhase;
			buildActionMask = 2147483647;
			files = (
				579ACF2127ABA5970065D35A /* ViewController.swift in Sources */,
				579ACF1D27ABA5970065D35A /* AppDelegate.swift in Sources */,
				57C0F22827B24E73002DBE25 /* DetailViewController.swift in Sources */,
				579ACF1F27ABA5970065D35A /* SceneDelegate.swift in Sources */,
				57C0F22A27B4DCD0002DBE25 /* ResponseData.swift in Sources */,
				57B5F03627ABBA080078128B /* Note.swift in Sources */,
			);
			runOnlyForDeploymentPostprocessing = 0;
		};
/* End PBXSourcesBuildPhase section */

/* Begin PBXVariantGroup section */
		579ACF2227ABA5970065D35A /* Main.storyboard */ = {
			isa = PBXVariantGroup;
			children = (
				579ACF2327ABA5970065D35A /* Base */,
			);
			name = Main.storyboard;
			sourceTree = "<group>";
		};
		579ACF2727ABA5990065D35A /* LaunchScreen.storyboard */ = {
			isa = PBXVariantGroup;
			children = (
				579ACF2827ABA5990065D35A /* Base */,
			);
			name = LaunchScreen.storyboard;
			sourceTree = "<group>";
		};
/* End PBXVariantGroup section */

/* Begin XCBuildConfiguration section */
		579ACF2B27ABA5990065D35A /* Debug */ = {
			isa = XCBuildConfiguration;
			buildSettings = {
				ALWAYS_SEARCH_USER_PATHS = NO;
				CLANG_ANALYZER_NONNULL = YES;
				CLANG_ANALYZER_NUMBER_OBJECT_CONVERSION = YES_AGGRESSIVE;
				CLANG_CXX_LANGUAGE_STANDARD = "gnu++17";
				CLANG_CXX_LIBRARY = "libc++";
				CLANG_ENABLE_MODULES = YES;
				CLANG_ENABLE_OBJC_ARC = YES;
				CLANG_ENABLE_OBJC_WEAK = YES;
				CLANG_WARN_BLOCK_CAPTURE_AUTORELEASING = YES;
				CLANG_WARN_BOOL_CONVERSION = YES;
				CLANG_WARN_COMMA = YES;
				CLANG_WARN_CONSTANT_CONVERSION = YES;
				CLANG_WARN_DEPRECATED_OBJC_IMPLEMENTATIONS = YES;
				CLANG_WARN_DIRECT_OBJC_ISA_USAGE = YES_ERROR;
				CLANG_WARN_DOCUMENTATION_COMMENTS = YES;
				CLANG_WARN_EMPTY_BODY = YES;
				CLANG_WARN_ENUM_CONVERSION = YES;
				CLANG_WARN_INFINITE_RECURSION = YES;
				CLANG_WARN_INT_CONVERSION = YES;
				CLANG_WARN_NON_LITERAL_NULL_CONVERSION = YES;
				CLANG_WARN_OBJC_IMPLICIT_RETAIN_SELF = YES;
				CLANG_WARN_OBJC_LITERAL_CONVERSION = YES;
				CLANG_WARN_OBJC_ROOT_CLASS = YES_ERROR;
				CLANG_WARN_QUOTED_INCLUDE_IN_FRAMEWORK_HEADER = YES;
				CLANG_WARN_RANGE_LOOP_ANALYSIS = YES;
				CLANG_WARN_STRICT_PROTOTYPES = YES;
				CLANG_WARN_SUSPICIOUS_MOVE = YES;
				CLANG_WARN_UNGUARDED_AVAILABILITY = YES_AGGRESSIVE;
				CLANG_WARN_UNREACHABLE_CODE = YES;
				CLANG_WARN__DUPLICATE_METHOD_MATCH = YES;
				COPY_PHASE_STRIP = NO;
				DEBUG_INFORMATION_FORMAT = dwarf;
				ENABLE_STRICT_OBJC_MSGSEND = YES;
				ENABLE_TESTABILITY = YES;
				GCC_C_LANGUAGE_STANDARD = gnu11;
				GCC_DYNAMIC_NO_PIC = NO;
				GCC_NO_COMMON_BLOCKS = YES;
				GCC_OPTIMIZATION_LEVEL = 0;
				GCC_PREPROCESSOR_DEFINITIONS = (
					"DEBUG=1",
					"$(inherited)",
				);
				GCC_WARN_64_TO_32_BIT_CONVERSION = YES;
				GCC_WARN_ABOUT_RETURN_TYPE = YES_ERROR;
				GCC_WARN_UNDECLARED_SELECTOR = YES;
				GCC_WARN_UNINITIALIZED_AUTOS = YES_AGGRESSIVE;
				GCC_WARN_UNUSED_FUNCTION = YES;
				GCC_WARN_UNUSED_VARIABLE = YES;
				IPHONEOS_DEPLOYMENT_TARGET = 15.2;
				MTL_ENABLE_DEBUG_INFO = INCLUDE_SOURCE;
				MTL_FAST_MATH = YES;
				ONLY_ACTIVE_ARCH = YES;
				SDKROOT = iphoneos;
				SWIFT_ACTIVE_COMPILATION_CONDITIONS = DEBUG;
				SWIFT_OPTIMIZATION_LEVEL = "-Onone";
			};
			name = Debug;
		};
		579ACF2C27ABA5990065D35A /* Release */ = {
			isa = XCBuildConfiguration;
			buildSettings = {
				ALWAYS_SEARCH_USER_PATHS = NO;
				CLANG_ANALYZER_NONNULL = YES;
				CLANG_ANALYZER_NUMBER_OBJECT_CONVERSION = YES_AGGRESSIVE;
				CLANG_CXX_LANGUAGE_STANDARD = "gnu++17";
				CLANG_CXX_LIBRARY = "libc++";
				CLANG_ENABLE_MODULES = YES;
				CLANG_ENABLE_OBJC_ARC = YES;
				CLANG_ENABLE_OBJC_WEAK = YES;
				CLANG_WARN_BLOCK_CAPTURE_AUTORELEASING = YES;
				CLANG_WARN_BOOL_CONVERSION = YES;
				CLANG_WARN_COMMA = YES;
				CLANG_WARN_CONSTANT_CONVERSION = YES;
				CLANG_WARN_DEPRECATED_OBJC_IMPLEMENTATIONS = YES;
				CLANG_WARN_DIRECT_OBJC_ISA_USAGE = YES_ERROR;
				CLANG_WARN_DOCUMENTATION_COMMENTS = YES;
				CLANG_WARN_EMPTY_BODY = YES;
				CLANG_WARN_ENUM_CONVERSION = YES;
				CLANG_WARN_INFINITE_RECURSION = YES;
				CLANG_WARN_INT_CONVERSION = YES;
				CLANG_WARN_NON_LITERAL_NULL_CONVERSION = YES;
				CLANG_WARN_OBJC_IMPLICIT_RETAIN_SELF = YES;
				CLANG_WARN_OBJC_LITERAL_CONVERSION = YES;
				CLANG_WARN_OBJC_ROOT_CLASS = YES_ERROR;
				CLANG_WARN_QUOTED_INCLUDE_IN_FRAMEWORK_HEADER = YES;
				CLANG_WARN_RANGE_LOOP_ANALYSIS = YES;
				CLANG_WARN_STRICT_PROTOTYPES = YES;
				CLANG_WARN_SUSPICIOUS_MOVE = YES;
				CLANG_WARN_UNGUARDED_AVAILABILITY = YES_AGGRESSIVE;
				CLANG_WARN_UNREACHABLE_CODE = YES;
				CLANG_WARN__DUPLICATE_METHOD_MATCH = YES;
				COPY_PHASE_STRIP = NO;
				DEBUG_INFORMATION_FORMAT = "dwarf-with-dsym";
				ENABLE_NS_ASSERTIONS = NO;
				ENABLE_STRICT_OBJC_MSGSEND = YES;
				GCC_C_LANGUAGE_STANDARD = gnu11;
				GCC_NO_COMMON_BLOCKS = YES;
				GCC_WARN_64_TO_32_BIT_CONVERSION = YES;
				GCC_WARN_ABOUT_RETURN_TYPE = YES_ERROR;
				GCC_WARN_UNDECLARED_SELECTOR = YES;
				GCC_WARN_UNINITIALIZED_AUTOS = YES_AGGRESSIVE;
				GCC_WARN_UNUSED_FUNCTION = YES;
				GCC_WARN_UNUSED_VARIABLE = YES;
				IPHONEOS_DEPLOYMENT_TARGET = 15.2;
				MTL_ENABLE_DEBUG_INFO = NO;
				MTL_FAST_MATH = YES;
				SDKROOT = iphoneos;
				SWIFT_COMPILATION_MODE = wholemodule;
				SWIFT_OPTIMIZATION_LEVEL = "-O";
				VALIDATE_PRODUCT = YES;
			};
			name = Release;
		};
		579ACF2E27ABA5990065D35A /* Debug */ = {
			isa = XCBuildConfiguration;
			buildSettings = {
				ASSETCATALOG_COMPILER_APPICON_NAME = AppIcon;
				ASSETCATALOG_COMPILER_GLOBAL_ACCENT_COLOR_NAME = AccentColor;
				CODE_SIGN_STYLE = Automatic;
				CURRENT_PROJECT_VERSION = 1;
				DEVELOPMENT_TEAM = CTXB37RDWU;
				GENERATE_INFOPLIST_FILE = YES;
				INFOPLIST_FILE = "Milestone Project 19-21/Info.plist";
				INFOPLIST_KEY_UIApplicationSupportsIndirectInputEvents = YES;
				INFOPLIST_KEY_UILaunchStoryboardName = LaunchScreen;
				INFOPLIST_KEY_UIMainStoryboardFile = Main;
				INFOPLIST_KEY_UISupportedInterfaceOrientations_iPad = "UIInterfaceOrientationPortrait UIInterfaceOrientationPortraitUpsideDown UIInterfaceOrientationLandscapeLeft UIInterfaceOrientationLandscapeRight";
				INFOPLIST_KEY_UISupportedInterfaceOrientations_iPhone = "UIInterfaceOrientationPortrait UIInterfaceOrientationLandscapeLeft UIInterfaceOrientationLandscapeRight";
				LD_RUNPATH_SEARCH_PATHS = (
					"$(inherited)",
					"@executable_path/Frameworks",
				);
				MARKETING_VERSION = 1.0;
				PRODUCT_BUNDLE_IDENTIFIER = "com.ry.Milestone-Project-19-21";
				PRODUCT_NAME = "$(TARGET_NAME)";
				SWIFT_EMIT_LOC_STRINGS = YES;
				SWIFT_VERSION = 5.0;
				TARGETED_DEVICE_FAMILY = "1,2";
			};
			name = Debug;
		};
		579ACF2F27ABA5990065D35A /* Release */ = {
			isa = XCBuildConfiguration;
			buildSettings = {
				ASSETCATALOG_COMPILER_APPICON_NAME = AppIcon;
				ASSETCATALOG_COMPILER_GLOBAL_ACCENT_COLOR_NAME = AccentColor;
				CODE_SIGN_STYLE = Automatic;
				CURRENT_PROJECT_VERSION = 1;
				DEVELOPMENT_TEAM = CTXB37RDWU;
				GENERATE_INFOPLIST_FILE = YES;
				INFOPLIST_FILE = "Milestone Project 19-21/Info.plist";
				INFOPLIST_KEY_UIApplicationSupportsIndirectInputEvents = YES;
				INFOPLIST_KEY_UILaunchStoryboardName = LaunchScreen;
				INFOPLIST_KEY_UIMainStoryboardFile = Main;
				INFOPLIST_KEY_UISupportedInterfaceOrientations_iPad = "UIInterfaceOrientationPortrait UIInterfaceOrientationPortraitUpsideDown UIInterfaceOrientationLandscapeLeft UIInterfaceOrientationLandscapeRight";
				INFOPLIST_KEY_UISupportedInterfaceOrientations_iPhone = "UIInterfaceOrientationPortrait UIInterfaceOrientationLandscapeLeft UIInterfaceOrientationLandscapeRight";
				LD_RUNPATH_SEARCH_PATHS = (
					"$(inherited)",
					"@executable_path/Frameworks",
				);
				MARKETING_VERSION = 1.0;
				PRODUCT_BUNDLE_IDENTIFIER = "com.ry.Milestone-Project-19-21";
				PRODUCT_NAME = "$(TARGET_NAME)";
				SWIFT_EMIT_LOC_STRINGS = YES;
				SWIFT_VERSION = 5.0;
				TARGETED_DEVICE_FAMILY = "1,2";
			};
			name = Release;
		};
/* End XCBuildConfiguration section */

/* Begin XCConfigurationList section */
		579ACF1427ABA5970065D35A /* Build configuration list for PBXProject "Milestone Project 19-21" */ = {
			isa = XCConfigurationList;
			buildConfigurations = (
				579ACF2B27ABA5990065D35A /* Debug */,
				579ACF2C27ABA5990065D35A /* Release */,
			);
			defaultConfigurationIsVisible = 0;
			defaultConfigurationName = Release;
		};
		579ACF2D27ABA5990065D35A /* Build configuration list for PBXNativeTarget "Milestone Project 19-21" */ = {
			isa = XCConfigurationList;
			buildConfigurations = (
				579ACF2E27ABA5990065D35A /* Debug */,
				579ACF2F27ABA5990065D35A /* Release */,
			);
			defaultConfigurationIsVisible = 0;
			defaultConfigurationName = Release;
		};
/* End XCConfigurationList section */
	};
	rootObject = 579ACF1127ABA5970065D35A /* Project object */;
}
